
Microsoft Visual Studio Solution File, Format Version 12.00
Project("{FAE04EC0-301F-11D3-BF4B-00C04F79EFBC}") = "ShopPagesGeneral", "ShopPagesGeneral\ShopPagesGeneral.csproj", "{12C83B70-2003-4E36-BC51-A09BBA8F1CB5}"
EndProject
Global
	GlobalSection(SolutionConfigurationPlatforms) = preSolution
		Debug|Any CPU = Debug|Any CPU
		Release|Any CPU = Release|Any CPU
	EndGlobalSection
	GlobalSection(ProjectConfigurationPlatforms) = postSolution
		{12C83B70-2003-4E36-BC51-A09BBA8F1CB5}.Debug|Any CPU.ActiveCfg = Debug|Any CPU
		{12C83B70-2003-4E36-BC51-A09BBA8F1CB5}.Debug|Any CPU.Build.0 = Debug|Any CPU
		{12C83B70-2003-4E36-BC51-A09BBA8F1CB5}.Release|Any CPU.ActiveCfg = Release|Any CPU
		{12C83B70-2003-4E36-BC51-A09BBA8F1CB5}.Release|Any CPU.Build.0 = Release|Any CPU
	EndGlobalSection
EndGlobal
